
Microsoft Visual Studio Solution File, Format Version 12.00
# Visual Studio Version 17
VisualStudioVersion = 17.13.35931.197 d17.13
MinimumVisualStudioVersion = 10.0.40219.1
Project("{FAE04EC0-301F-11D3-BF4B-00C04F79EFBC}") = "TextContentManagement", "TextContentManagement.csproj", "{36F2E2ED-CAC2-4DA5-B39E-F2EBDB9A778A}"
EndProject
Global
	GlobalSection(SolutionConfigurationPlatforms) = preSolution
		Debug|Any CPU = Debug|Any CPU
		Release|Any CPU = Release|Any CPU
	EndGlobalSection
	GlobalSection(ProjectConfigurationPlatforms) = postSolution
		{36F2E2ED-CAC2-4DA5-B39E-F2EBDB9A778A}.Debug|Any CPU.ActiveCfg = Debug|Any CPU
		{36F2E2ED-CAC2-4DA5-B39E-F2EBDB9A778A}.Debug|Any CPU.Build.0 = Debug|Any CPU
		{36F2E2ED-CAC2-4DA5-B39E-F2EBDB9A778A}.Release|Any CPU.ActiveCfg = Release|Any CPU
		{36F2E2ED-CAC2-4DA5-B39E-F2EBDB9A778A}.Release|Any CPU.Build.0 = Release|Any CPU
	EndGlobalSection
	GlobalSection(SolutionProperties) = preSolution
		HideSolutionNode = FALSE
	EndGlobalSection
	GlobalSection(ExtensibilityGlobals) = postSolution
		SolutionGuid = {4E7FA652-EBB0-4C36-84C5-CD8D26BE9620}
	EndGlobalSection
EndGlobal
