
Microsoft Visual Studio Solution File, Format Version 12.00
# Visual Studio Version 17
VisualStudioVersion = 17.13.35931.197 d17.13
MinimumVisualStudioVersion = 10.0.40219.1
Project("{FAE04EC0-301F-11D3-BF4B-00C04F79EFBC}") = "TextContentManagement2", "TextContentManagement2.csproj", "{631F0EF9-0525-4565-B752-FB4782EF4656}"
EndProject
Global
	GlobalSection(SolutionConfigurationPlatforms) = preSolution
		Debug|Any CPU = Debug|Any CPU
		Release|Any CPU = Release|Any CPU
	EndGlobalSection
	GlobalSection(ProjectConfigurationPlatforms) = postSolution
		{631F0EF9-0525-4565-B752-FB4782EF4656}.Debug|Any CPU.ActiveCfg = Debug|Any CPU
		{631F0EF9-0525-4565-B752-FB4782EF4656}.Debug|Any CPU.Build.0 = Debug|Any CPU
		{631F0EF9-0525-4565-B752-FB4782EF4656}.Release|Any CPU.ActiveCfg = Release|Any CPU
		{631F0EF9-0525-4565-B752-FB4782EF4656}.Release|Any CPU.Build.0 = Release|Any CPU
	EndGlobalSection
	GlobalSection(SolutionProperties) = preSolution
		HideSolutionNode = FALSE
	EndGlobalSection
	GlobalSection(ExtensibilityGlobals) = postSolution
		SolutionGuid = {37DF6D96-AF49-4886-8DD2-B73834863C51}
	EndGlobalSection
EndGlobal
